// !$*UTF8*$!
{
	archiveVersion = 1;
	classes = {
	};
	objectVersion = 46;
	objects = {
		5F5BB3C5AADD6A2CE86A4CFA = {
			isa = PBXBuildFile;
			fileRef = 8E0AD527A78A7DDD79C3808F;
		};
		3CAE503C6E1DE568738F4868 = {
			isa = PBXBuildFile;
			fileRef = 274517B10EAD89A13448621D;
		};
		78FBF83AF6CC2901EA6D3FD3 = {
			isa = PBXBuildFile;
			fileRef = 72AD1472AEF076911E444195;
		};
		40606DD967EEF2260D869840 = {
			isa = PBXBuildFile;
			fileRef = D9592CFFD9C872920DA6CAE9;
		};
		FDFD77FECA9EE9091EB65682 = {
			isa = PBXBuildFile;
			fileRef = 009A9FFC33437ED6E8F24244;
		};
		C0D7161EC34EF188AC50CC39 = {
			isa = PBXBuildFile;
			fileRef = 919474FE803F3A86920AB5A9;
		};
		FDF2037A53D5D5F597C3D610 = {
			isa = PBXBuildFile;
			fileRef = 361B2E6EBFAB12D1A697B1D6;
		};
		FC13E5162DB6760C0270B649 = {
			isa = PBXBuildFile;
			fileRef = F945BF690712E939A7948B98;
		};
		625820FB1386004A13E086FF = {
			isa = PBXBuildFile;
			fileRef = 99A87D1EEFCCCF010B10A1F7;
		};
		FEAA35F00D34F6B679D1F898 = {
			isa = PBXBuildFile;
			fileRef = 54AAFB126F7A6642015ED2B1;
		};
		A8E675124C3F058AD7A5825B = {
			isa = PBXBuildFile;
			fileRef = 6D60A7D16A237A4D7BBE6C2A;
		};
		D657CC273CA47E74D1915999 = {
			isa = PBXBuildFile;
			fileRef = 0C7A481CA8C36C9A307DAEE2;
		};
		6F6E540192A798809D590A4C = {
			isa = PBXBuildFile;
			fileRef = EF492951C43C1F517B42F90E;
		};
		5B679575CC9927A7D43FD569 = {
			isa = PBXBuildFile;
			fileRef = 55CC80872B3C5BA372E3080B;
		};
		D176917EEAC2DF3893C91F50 = {
			isa = PBXBuildFile;
			fileRef = F892D934CEF5E37D7E852AC8;
		};
		0CD6F67C7AF6F538773B3287 = {
			isa = PBXBuildFile;
			fileRef = F1D6272A6BE25706CC843EE2;
		};
		11B4F86CC0A9ED9F45542857 = {
			isa = PBXBuildFile;
			fileRef = DD83E042A5231B3763E0734C;
		};
		E92340407BE4B26D64C5B23B = {
			isa = PBXBuildFile;
			fileRef = F66B7D52DA29EC2E8B4CF58A;
		};
		0618597AE1CE64A5028D65A4 = {
			isa = PBXBuildFile;
			fileRef = 25E03E4F0DB8DCF06BC302B1;
		};
		880FDD351C64AC909B3F112E = {
			isa = PBXBuildFile;
			fileRef = B5C7A80E47B7C28D68921583;
		};
		C7DB8E0467C18489E0A6297E = {
			isa = PBXBuildFile;
			fileRef = 051E794E5CA320BFF66EFBD5;
		};
		9BB3E591B1DF5222C56C689E = {
			isa = PBXBuildFile;
			fileRef = 181B2BB010E5974AC8F46A9C;
		};
		9C929F2DEB9FCC918171ABB8 = {
			isa = PBXBuildFile;
			fileRef = 251B9448B29F4B61B3A6C502;
		};
		C8B906EB237EE99C0A79FFF0 = {
			isa = PBXBuildFile;
			fileRef = 9EF6BC0C1638B1EFE5C86E26;
		};
		1BECD3320215EAC579E1E356 = {
			isa = PBXBuildFile;
			fileRef = 2449C8B32D06EC54D3036F75;
		};
		2B7269D0CBDC686C55D4E232 = {
			isa = PBXBuildFile;
			fileRef = 1BDFBA9AA2E91D8329B0BBA2;
		};
		9024C1211CCB092D94DF5B6E = {
			isa = PBXBuildFile;
			fileRef = 387953797E724364F7DF1E11;
		};
		60C91644333BB5576293EE03 = {
			isa = PBXBuildFile;
			fileRef = 38737070B04A9495BAF56D6D;
		};
		F1947BA1D3DE42A7C8621322 = {
			isa = PBXBuildFile;
			fileRef = 2A2E23F49BCD1A654E6FC920;
		};
		D76A6713FF38ED8FFEA44848 = {
			isa = PBXBuildFile;
			fileRef = 9A41ACF98B9C1AA6070BAED1;
		};
		A9B7FCB51F6D84A79AFBD0D5 = {
			isa = PBXBuildFile;
			fileRef = 1CD070774CB146CFF164018F;
		};
		8318306F799D0F7939169FA5 = {
			isa = PBXBuildFile;
			fileRef = 02DB31F92DF3D982241D236B;
		};
		E87DC410C2B2E18F0A4E8B4F = {
			isa = PBXBuildFile;
			fileRef = B095BB1E4ECCBD45D41E57D2;
		};
		62C61C089B7762008EF700DA = {
			isa = PBXBuildFile;
			fileRef = 619AAFFFFA522FAF06D1B5D6;
		};
		8C5781B5E21C58C21B903B11 = {
			isa = PBXBuildFile;
			fileRef = 7EA5BCAB75AE159A6E48CC35;
		};
		3A06CEE28CB0EE5BCC223FFE = {
			isa = PBXBuildFile;
			fileRef = 7E60414A52DD0656762CAF22;
		};
		3DE07D4640CF945F54A3F661 = {
			isa = PBXBuildFile;
			fileRef = 35F11223D84A74D0C912E839;
		};
		6CB3B2D481CF35BFACCBC222 = {
			isa = PBXBuildFile;
			fileRef = 807C588701BE1465A2DA7018;
		};
		F89BEC1873EA9B47AB97AE47 = {
			isa = PBXBuildFile;
			fileRef = 4DC6D419910104FD564E4E7B;
		};
		A9EE356BC268EEA9F3608232 = {
			isa = PBXBuildFile;
			fileRef = 9FB93383A1A1A1281190207C;
		};
		009A9FFC33437ED6E8F24244 = {
			isa = PBXFileReference;
			lastKnownFileType = wrapper.framework;
			name = Accelerate.framework;
			path = System/Library/Frameworks/Accelerate.framework;
			sourceTree = SDKROOT;
		};
		02DB31F92DF3D982241D236B = {
			isa = PBXFileReference;
			lastKnownFileType = sourcecode.cpp.objcpp;
			name = "include_juce_audio_utils.mm";
			path = "../../JuceLibraryCode/include_juce_audio_utils.mm";
			sourceTree = "SOURCE_ROOT";
		};
		051E794E5CA320BFF66EFBD5 = {
			isa = PBXFileReference;
			lastKnownFileType = sourcecode.cpp.objcpp;
			name = "include_juce_audio_basics.mm";
			path = "../../JuceLibraryCode/include_juce_audio_basics.mm";
			sourceTree = "SOURCE_ROOT";
		};
		0C2A2647D42E60458775E3FD = {
			isa = PBXFileReference;
			lastKnownFileType = text.plist.xml;
			name = "Info-AU.plist";
			path = "Info-AU.plist";
			sourceTree = "SOURCE_ROOT";
		};
		0C7A481CA8C36C9A307DAEE2 = {
			isa = PBXFileReference;
			lastKnownFileType = wrapper.framework;
			name = CoreMIDI.framework;
			path = System/Library/Frameworks/CoreMIDI.framework;
			sourceTree = SDKROOT;
		};
		0FB26E16F560320A646E550E = {
			isa = PBXFileReference;
			lastKnownFileType = file;
			name = "juce_events";
			path = "../../../Downloads/JUCE/modules/juce_events";
			sourceTree = "SOURCE_ROOT";
		};
		156BFA9DA95AC5F16542B811 = {
			isa = PBXFileReference;
			lastKnownFileType = file;
			name = "juce_audio_processors";
			path = "../../../Downloads/JUCE/modules/juce_audio_processors";
			sourceTree = "SOURCE_ROOT";
		};
		181B2BB010E5974AC8F46A9C = {
			isa = PBXFileReference;
			lastKnownFileType = sourcecode.cpp.objcpp;
			name = "include_juce_audio_devices.mm";
			path = "../../JuceLibraryCode/include_juce_audio_devices.mm";
			sourceTree = "SOURCE_ROOT";
		};
		1BDFBA9AA2E91D8329B0BBA2 = {
			isa = PBXFileReference;
			lastKnownFileType = sourcecode.cpp.objcpp;
			name = "include_juce_audio_plugin_client_AU_2.mm";
			path = "../../JuceLibraryCode/include_juce_audio_plugin_client_AU_2.mm";
			sourceTree = "SOURCE_ROOT";
		};
		1CD070774CB146CFF164018F = {
			isa = PBXFileReference;
			lastKnownFileType = sourcecode.cpp.objcpp;
			name = "include_juce_audio_processors.mm";
			path = "../../JuceLibraryCode/include_juce_audio_processors.mm";
			sourceTree = "SOURCE_ROOT";
		};
		2449C8B32D06EC54D3036F75 = {
			isa = PBXFileReference;
			lastKnownFileType = sourcecode.cpp.objcpp;
			name = "include_juce_audio_plugin_client_AU_1.mm";
			path = "../../JuceLibraryCode/include_juce_audio_plugin_client_AU_1.mm";
			sourceTree = "SOURCE_ROOT";
		};
		251B9448B29F4B61B3A6C502 = {
			isa = PBXFileReference;
			lastKnownFileType = sourcecode.cpp.objcpp;
			name = "include_juce_audio_formats.mm";
			path = "../../JuceLibraryCode/include_juce_audio_formats.mm";
			sourceTree = "SOURCE_ROOT";
		};
		25E03E4F0DB8DCF06BC302B1 = {
			isa = PBXFileReference;
			lastKnownFileType = sourcecode.cpp.cpp;
			name = PluginProcessor.cpp;
			path = ../../Source/PluginProcessor.cpp;
			sourceTree = "SOURCE_ROOT";
		};
		2A2E23F49BCD1A654E6FC920 = {
			isa = PBXFileReference;
			lastKnownFileType = sourcecode.cpp.objcpp;
			name = "include_juce_audio_plugin_client_VST_utils.mm";
			path = "../../JuceLibraryCode/include_juce_audio_plugin_client_VST_utils.mm";
			sourceTree = "SOURCE_ROOT";
		};
		2D59C23231C71EA98CB1F7BA = {
			isa = PBXFileReference;
			lastKnownFileType = file;
			name = "juce_opengl";
			path = "../../../Downloads/JUCE/modules/juce_opengl";
			sourceTree = "SOURCE_ROOT";
		};
		33D52A2FB1BD3F10D82E0E09 = {
			isa = PBXFileReference;
			lastKnownFileType = sourcecode.c.h;
			name = PluginProcessor.h;
			path = ../../Source/PluginProcessor.h;
			sourceTree = "SOURCE_ROOT";
		};
		35F11223D84A74D0C912E839 = {
			isa = PBXFileReference;
			lastKnownFileType = sourcecode.cpp.objcpp;
			name = "include_juce_graphics.mm";
			path = "../../JuceLibraryCode/include_juce_graphics.mm";
			sourceTree = "SOURCE_ROOT";
		};
		361B2E6EBFAB12D1A697B1D6 = {
			isa = PBXFileReference;
			lastKnownFileType = wrapper.framework;
			name = AudioUnit.framework;
			path = System/Library/Frameworks/AudioUnit.framework;
			sourceTree = SDKROOT;
		};
		38737070B04A9495BAF56D6D = {
			isa = PBXFileReference;
			lastKnownFileType = sourcecode.cpp.cpp;
			name = "include_juce_audio_plugin_client_utils.cpp";
			path = "../../JuceLibraryCode/include_juce_audio_plugin_client_utils.cpp";
			sourceTree = "SOURCE_ROOT";
		};
		387953797E724364F7DF1E11 = {
			isa = PBXFileReference;
			lastKnownFileType = sourcecode.cpp.cpp;
			name = "include_juce_audio_plugin_client_Standalone.cpp";
			path = "../../JuceLibraryCode/include_juce_audio_plugin_client_Standalone.cpp";
			sourceTree = "SOURCE_ROOT";
		};
		3CFD3069B261827159BECE2E = {
			isa = PBXFileReference;
			lastKnownFileType = file;
			name = "juce_audio_devices";
			path = "../../../Downloads/JUCE/modules/juce_audio_devices";
			sourceTree = "SOURCE_ROOT";
		};
		448DEF04759270164CA737FF = {
			isa = PBXFileReference;
			lastKnownFileType = file;
			name = "juce_audio_plugin_client";
			path = "../../../Downloads/JUCE/modules/juce_audio_plugin_client";
			sourceTree = "SOURCE_ROOT";
		};
		4DC6D419910104FD564E4E7B = {
			isa = PBXFileReference;
			lastKnownFileType = sourcecode.cpp.objcpp;
			name = "include_juce_gui_extra.mm";
			path = "../../JuceLibraryCode/include_juce_gui_extra.mm";
			sourceTree = "SOURCE_ROOT";
		};
		54AAFB126F7A6642015ED2B1 = {
			isa = PBXFileReference;
			lastKnownFileType = wrapper.framework;
			name = CoreAudio.framework;
			path = System/Library/Frameworks/CoreAudio.framework;
			sourceTree = SDKROOT;
		};
		661E00A57432C8E6469D268D = {
			isa = PBXFileReference;
			lastKnownFileType = text.plist.xml;
			name = "Info-VST3.plist";
			path = "Info-VST3.plist";
			sourceTree = "SOURCE_ROOT";
		};
		69BD0B6DD99361FAF56BC1FC = {
			isa = PBXFileReference;
			lastKnownFileType = file;
			name = "juce_audio_basics";
			path = "../../../Downloads/JUCE/modules/juce_audio_basics";
			sourceTree = "SOURCE_ROOT";
		};
		6D60A7D16A237A4D7BBE6C2A = {
			isa = PBXFileReference;
			lastKnownFileType = wrapper.framework;
			name = CoreAudioKit.framework;
			path = System/Library/Frameworks/CoreAudioKit.framework;
			sourceTree = SDKROOT;
		};
		8E0AD527A78A7DDD79C3808F = {
			isa = PBXFileReference;
			explicitFileType = wrapper.cfbundle;
			includeInIndex = 0;
			path = EasyChord.vst3;
			sourceTree = "BUILT_PRODUCTS_DIR";
		};
		274517B10EAD89A13448621D = {
			isa = PBXFileReference;
			explicitFileType = wrapper.cfbundle;
			includeInIndex = 0;
			path = EasyChord.component;
			sourceTree = "BUILT_PRODUCTS_DIR";
		};
		55CC80872B3C5BA372E3080B = {
			isa = PBXFileReference;
			lastKnownFileType = wrapper.framework;
			name = IOKit.framework;
			path = System/Library/Frameworks/IOKit.framework;
			sourceTree = SDKROOT;
		};
		619AAFFFFA522FAF06D1B5D6 = {
			isa = PBXFileReference;
			lastKnownFileType = sourcecode.cpp.objcpp;
			name = "include_juce_cryptography.mm";
			path = "../../JuceLibraryCode/include_juce_cryptography.mm";
			sourceTree = "SOURCE_ROOT";
		};
		72AD1472AEF076911E444195 = {
			isa = PBXFileReference;
			explicitFileType = wrapper.application;
			includeInIndex = 0;
			path = EasyChord.app;
			sourceTree = "BUILT_PRODUCTS_DIR";
		};
		7E60414A52DD0656762CAF22 = {
			isa = PBXFileReference;
			lastKnownFileType = sourcecode.cpp.objcpp;
			name = "include_juce_events.mm";
			path = "../../JuceLibraryCode/include_juce_events.mm";
			sourceTree = "SOURCE_ROOT";
		};
		7EA5BCAB75AE159A6E48CC35 = {
			isa = PBXFileReference;
			lastKnownFileType = sourcecode.cpp.objcpp;
			name = "include_juce_data_structures.mm";
			path = "../../JuceLibraryCode/include_juce_data_structures.mm";
			sourceTree = "SOURCE_ROOT";
		};
		807C588701BE1465A2DA7018 = {
			isa = PBXFileReference;
			lastKnownFileType = sourcecode.cpp.objcpp;
			name = "include_juce_gui_basics.mm";
			path = "../../JuceLibraryCode/include_juce_gui_basics.mm";
			sourceTree = "SOURCE_ROOT";
		};
		841373F10BBD9A72D6365F96 = {
			isa = PBXFileReference;
			lastKnownFileType = file;
			name = "juce_audio_utils";
			path = "../../../Downloads/JUCE/modules/juce_audio_utils";
			sourceTree = "SOURCE_ROOT";
		};
		919474FE803F3A86920AB5A9 = {
			isa = PBXFileReference;
			lastKnownFileType = wrapper.framework;
			name = AudioToolbox.framework;
			path = System/Library/Frameworks/AudioToolbox.framework;
			sourceTree = SDKROOT;
		};
		95312258098DCF11153032F7 = {
			isa = PBXFileReference;
			lastKnownFileType = file;
			name = "juce_audio_formats";
			path = "../../../Downloads/JUCE/modules/juce_audio_formats";
			sourceTree = "SOURCE_ROOT";
		};
		99A87D1EEFCCCF010B10A1F7 = {
			isa = PBXFileReference;
			lastKnownFileType = wrapper.framework;
			name = Cocoa.framework;
			path = System/Library/Frameworks/Cocoa.framework;
			sourceTree = SDKROOT;
		};
		9A41ACF98B9C1AA6070BAED1 = {
			isa = PBXFileReference;
			lastKnownFileType = sourcecode.cpp.cpp;
			name = "include_juce_audio_plugin_client_VST3.cpp";
			path = "../../JuceLibraryCode/include_juce_audio_plugin_client_VST3.cpp";
			sourceTree = "SOURCE_ROOT";
		};
		9EF6BC0C1638B1EFE5C86E26 = {
			isa = PBXFileReference;
			lastKnownFileType = file.r;
			name = "include_juce_audio_plugin_client_AU.r";
			path = "../../JuceLibraryCode/include_juce_audio_plugin_client_AU.r";
			sourceTree = "SOURCE_ROOT";
		};
		9FB93383A1A1A1281190207C = {
			isa = PBXFileReference;
			lastKnownFileType = sourcecode.cpp.objcpp;
			name = "include_juce_opengl.mm";
			path = "../../JuceLibraryCode/include_juce_opengl.mm";
			sourceTree = "SOURCE_ROOT";
		};
		A26272C7223B8E3539C4455B = {
			isa = PBXFileReference;
			lastKnownFileType = file;
			name = "juce_cryptography";
			path = "../../../Downloads/JUCE/modules/juce_cryptography";
			sourceTree = "SOURCE_ROOT";
		};
		B095BB1E4ECCBD45D41E57D2 = {
			isa = PBXFileReference;
			lastKnownFileType = sourcecode.cpp.objcpp;
			name = "include_juce_core.mm";
			path = "../../JuceLibraryCode/include_juce_core.mm";
			sourceTree = "SOURCE_ROOT";
		};
		B5C7A80E47B7C28D68921583 = {
			isa = PBXFileReference;
			lastKnownFileType = sourcecode.cpp.cpp;
			name = PluginEditor.cpp;
			path = ../../Source/PluginEditor.cpp;
			sourceTree = "SOURCE_ROOT";
		};
		BFA0CA1E7614C38CE9EA9BED = {
			isa = PBXFileReference;
			lastKnownFileType = text.plist.xml;
			name = EasyChord.entitlements;
			path = EasyChord.entitlements;
			sourceTree = "SOURCE_ROOT";
		};
		BFC91EAF7828922089F6A023 = {
			isa = PBXFileReference;
			lastKnownFileType = file;
			name = "juce_data_structures";
			path = "../../../Downloads/JUCE/modules/juce_data_structures";
			sourceTree = "SOURCE_ROOT";
		};
		C92117FFC07B9252191701D1 = {
			isa = PBXFileReference;
			lastKnownFileType = file;
			name = "juce_core";
			path = "../../../Downloads/JUCE/modules/juce_core";
			sourceTree = "SOURCE_ROOT";
		};
		C9348567FF2925809A352A92 = {
			isa = PBXFileReference;
			lastKnownFileType = sourcecode.c.h;
			name = PluginEditor.h;
			path = ../../Source/PluginEditor.h;
			sourceTree = "SOURCE_ROOT";
		};
		D0185C0B7A328A114E0E2784 = {
			isa = PBXFileReference;
			lastKnownFileType = sourcecode.c.h;
			name = AppConfig.h;
			path = ../../JuceLibraryCode/AppConfig.h;
			sourceTree = "SOURCE_ROOT";
		};
		D9592CFFD9C872920DA6CAE9 = {
			isa = PBXFileReference;
			explicitFileType = archive.ar;
			includeInIndex = 0;
			path = libEasyChord.a;
			sourceTree = "BUILT_PRODUCTS_DIR";
		};
		DD83E042A5231B3763E0734C = {
			isa = PBXFileReference;
			lastKnownFileType = wrapper.framework;
			name = WebKit.framework;
			path = System/Library/Frameworks/WebKit.framework;
			sourceTree = SDKROOT;
		};
		E5E32E767F410CC937927FF4 = {
			isa = PBXFileReference;
			lastKnownFileType = file;
			name = "juce_graphics";
			path = "../../../Downloads/JUCE/modules/juce_graphics";
			sourceTree = "SOURCE_ROOT";
		};
		E8D39176AD82321AADDF17E0 = {
			isa = PBXFileReference;
			lastKnownFileType = file;
			name = "juce_gui_basics";
			path = "../../../Downloads/JUCE/modules/juce_gui_basics";
			sourceTree = "SOURCE_ROOT";
		};
		ED0834A233BE2F048CC73F49 = {
			isa = PBXFileReference;
			lastKnownFileType = sourcecode.c.h;
			name = JuceHeader.h;
			path = ../../JuceLibraryCode/JuceHeader.h;
			sourceTree = "SOURCE_ROOT";
		};
		EF492951C43C1F517B42F90E = {
			isa = PBXFileReference;
			lastKnownFileType = wrapper.framework;
			name = DiscRecording.framework;
			path = System/Library/Frameworks/DiscRecording.framework;
			sourceTree = SDKROOT;
		};
		F1D6272A6BE25706CC843EE2 = {
			isa = PBXFileReference;
			lastKnownFileType = wrapper.framework;
			name = QuartzCore.framework;
			path = System/Library/Frameworks/QuartzCore.framework;
			sourceTree = SDKROOT;
		};
		F3169BADF94A958BB84350A2 = {
			isa = PBXFileReference;
			lastKnownFileType = file;
			name = "juce_gui_extra";
			path = "../../../Downloads/JUCE/modules/juce_gui_extra";
			sourceTree = "SOURCE_ROOT";
		};
		F66B7D52DA29EC2E8B4CF58A = {
			isa = PBXFileReference;
			lastKnownFileType = file.nib;
			name = RecentFilesMenuTemplate.nib;
			path = RecentFilesMenuTemplate.nib;
			sourceTree = "SOURCE_ROOT";
		};
		F892D934CEF5E37D7E852AC8 = {
			isa = PBXFileReference;
			lastKnownFileType = wrapper.framework;
			name = OpenGL.framework;
			path = System/Library/Frameworks/OpenGL.framework;
			sourceTree = SDKROOT;
		};
		F945BF690712E939A7948B98 = {
			isa = PBXFileReference;
			lastKnownFileType = wrapper.framework;
			name = Carbon.framework;
			path = System/Library/Frameworks/Carbon.framework;
			sourceTree = SDKROOT;
		};
		FEF17649744510B1734BB5B6 = {
			isa = PBXFileReference;
			lastKnownFileType = text.plist.xml;
			name = "Info-Standalone_Plugin.plist";
			path = "Info-Standalone_Plugin.plist";
			sourceTree = "SOURCE_ROOT";
		};
		20AC1CC7921C3C0458991DDF = {
			isa = PBXGroup;
			children = (
				25E03E4F0DB8DCF06BC302B1,
				33D52A2FB1BD3F10D82E0E09,
				B5C7A80E47B7C28D68921583,
				C9348567FF2925809A352A92,
			);
			name = Source;
			sourceTree = "<group>";
		};
		516EF5064766805E7BCE50E7 = {
			isa = PBXGroup;
			children = (
				20AC1CC7921C3C0458991DDF,
			);
			name = EasyChord;
			sourceTree = "<group>";
		};
		F6248C670B51EBE943837CDE = {
			isa = PBXGroup;
			children = (
				69BD0B6DD99361FAF56BC1FC,
				3CFD3069B261827159BECE2E,
				95312258098DCF11153032F7,
				448DEF04759270164CA737FF,
				156BFA9DA95AC5F16542B811,
				841373F10BBD9A72D6365F96,
				C92117FFC07B9252191701D1,
				A26272C7223B8E3539C4455B,
				BFC91EAF7828922089F6A023,
				0FB26E16F560320A646E550E,
				E5E32E767F410CC937927FF4,
				E8D39176AD82321AADDF17E0,
				F3169BADF94A958BB84350A2,
				2D59C23231C71EA98CB1F7BA,
			);
			name = "JUCE Modules";
			sourceTree = "<group>";
		};
		45D2A8C3413AD59D975B933C = {
			isa = PBXGroup;
			children = (
				D0185C0B7A328A114E0E2784,
				051E794E5CA320BFF66EFBD5,
				181B2BB010E5974AC8F46A9C,
				251B9448B29F4B61B3A6C502,
				9EF6BC0C1638B1EFE5C86E26,
				2449C8B32D06EC54D3036F75,
				1BDFBA9AA2E91D8329B0BBA2,
				387953797E724364F7DF1E11,
				38737070B04A9495BAF56D6D,
				2A2E23F49BCD1A654E6FC920,
				9A41ACF98B9C1AA6070BAED1,
				1CD070774CB146CFF164018F,
				02DB31F92DF3D982241D236B,
				B095BB1E4ECCBD45D41E57D2,
				619AAFFFFA522FAF06D1B5D6,
				7EA5BCAB75AE159A6E48CC35,
				7E60414A52DD0656762CAF22,
				35F11223D84A74D0C912E839,
				807C588701BE1465A2DA7018,
				4DC6D419910104FD564E4E7B,
				9FB93383A1A1A1281190207C,
				ED0834A233BE2F048CC73F49,
			);
			name = "JUCE Library Code";
			sourceTree = "<group>";
		};
		CC7D00213B4055BC9F2EB97F = {
			isa = PBXGroup;
			children = (
				661E00A57432C8E6469D268D,
				0C2A2647D42E60458775E3FD,
				FEF17649744510B1734BB5B6,
				F66B7D52DA29EC2E8B4CF58A,
			);
			name = Resources;
			sourceTree = "<group>";
		};
		21FBF816BE22D7989613348B = {
			isa = PBXGroup;
			children = (
				009A9FFC33437ED6E8F24244,
				919474FE803F3A86920AB5A9,
				361B2E6EBFAB12D1A697B1D6,
				F945BF690712E939A7948B98,
				99A87D1EEFCCCF010B10A1F7,
				54AAFB126F7A6642015ED2B1,
				6D60A7D16A237A4D7BBE6C2A,
				0C7A481CA8C36C9A307DAEE2,
				EF492951C43C1F517B42F90E,
				55CC80872B3C5BA372E3080B,
				F892D934CEF5E37D7E852AC8,
				F1D6272A6BE25706CC843EE2,
				DD83E042A5231B3763E0734C,
			);
			name = Frameworks;
			sourceTree = "<group>";
		};
		3F778F6FF398B2077BB92EA4 = {
			isa = PBXGroup;
			children = (
				8E0AD527A78A7DDD79C3808F,
				274517B10EAD89A13448621D,
				72AD1472AEF076911E444195,
				D9592CFFD9C872920DA6CAE9,
			);
			name = Products;
			sourceTree = "<group>";
		};
		2DD98167D022DEA6F5B948C4 = {
			isa = PBXGroup;
			children = (
				BFA0CA1E7614C38CE9EA9BED,
				516EF5064766805E7BCE50E7,
				F6248C670B51EBE943837CDE,
				45D2A8C3413AD59D975B933C,
				CC7D00213B4055BC9F2EB97F,
				21FBF816BE22D7989613348B,
				3F778F6FF398B2077BB92EA4,
			);
			name = Source;
			sourceTree = "<group>";
		};
		A3021E23030E7DFF44492A80 = {
			isa = XCBuildConfiguration;
			buildSettings = {
				MACOSX_DEPLOYMENT_TARGET = 10.11;
			};
			name = Debug;
		};
		BE73A8420E93647ED6012D87 = {
			isa = XCBuildConfiguration;
			buildSettings = {
				MACOSX_DEPLOYMENT_TARGET = 10.11;
			};
			name = Release;
		};
		432257E134A93D68B2E3C371 = {
			isa = XCBuildConfiguration;
			buildSettings = {
				CLANG_CXX_LANGUAGE_STANDARD = "c++14";
				CLANG_CXX_LIBRARY = "libc++";
				CLANG_LINK_OBJC_RUNTIME = NO;
				COMBINE_HIDPI_IMAGES = YES;
				CONFIGURATION_BUILD_DIR = "$(PROJECT_DIR)/build/$(CONFIGURATION)";
				COPY_PHASE_STRIP = NO;
				DEPLOYMENT_LOCATION = YES;
				DSTROOT = /;
				GCC_DYNAMIC_NO_PIC = NO;
				GCC_OPTIMIZATION_LEVEL = 0;
				GCC_PREPROCESSOR_DEFINITIONS = (
					"_DEBUG=1",
					"DEBUG=1",
					"JUCER_XCODE_MAC_F6D2F4CF=1",
					"JUCE_APP_VERSION=1.0.0",
					"JUCE_APP_VERSION_HEX=0x10000",
					"JucePlugin_Build_VST=0",
					"JucePlugin_Build_VST3=1",
					"JucePlugin_Build_AU=0",
					"JucePlugin_Build_AUv3=0",
					"JucePlugin_Build_RTAS=0",
					"JucePlugin_Build_AAX=0",
					"JucePlugin_Build_Standalone=0",
					"JucePlugin_Build_Unity=0",
				);
				GCC_VERSION = com.apple.compilers.llvm.clang.1_0;
				GENERATE_PKGINFO_FILE = YES;
				HEADER_SEARCH_PATHS = (
					"../../../Downloads/JUCE/modules/juce_audio_processors/format_types/VST3_SDK",
					"../../JuceLibraryCode",
					"../../../Downloads/JUCE/modules",
					"../../../Downloads/JUCE/modules/juce_audio_plugin_client",
					"$(inherited)",
				);
				INFOPLIST_FILE = Info-VST3.plist;
				INFOPLIST_PREPROCESS = NO;
				INSTALL_PATH = "$(HOME)/Library/Audio/Plug-Ins/VST3/";
				LIBRARY_STYLE = Bundle;
				MACOSX_DEPLOYMENT_TARGET = 10.11;
				OTHER_LDFLAGS = "-bundle -lEasyChord";
				PRODUCT_BUNDLE_IDENTIFIER = com.yourcompany.EasyChord;
				PRODUCT_NAME = "EasyChord";
				USE_HEADERMAP = NO;
				WRAPPER_EXTENSION = vst3;
			};
			name = Debug;
		};
		89B37AB663D19B8AA2649938 = {
			isa = XCBuildConfiguration;
			buildSettings = {
				CLANG_CXX_LANGUAGE_STANDARD = "c++14";
				CLANG_CXX_LIBRARY = "libc++";
				CLANG_LINK_OBJC_RUNTIME = NO;
				COMBINE_HIDPI_IMAGES = YES;
				CONFIGURATION_BUILD_DIR = "$(PROJECT_DIR)/build/$(CONFIGURATION)";
				DEAD_CODE_STRIPPING = YES;
				DEPLOYMENT_LOCATION = YES;
				DSTROOT = /;
				GCC_GENERATE_DEBUGGING_SYMBOLS = NO;
				GCC_OPTIMIZATION_LEVEL = 3;
				GCC_PREPROCESSOR_DEFINITIONS = (
					"_NDEBUG=1",
					"NDEBUG=1",
					"JUCER_XCODE_MAC_F6D2F4CF=1",
					"JUCE_APP_VERSION=1.0.0",
					"JUCE_APP_VERSION_HEX=0x10000",
					"JucePlugin_Build_VST=0",
					"JucePlugin_Build_VST3=1",
					"JucePlugin_Build_AU=0",
					"JucePlugin_Build_AUv3=0",
					"JucePlugin_Build_RTAS=0",
					"JucePlugin_Build_AAX=0",
					"JucePlugin_Build_Standalone=0",
					"JucePlugin_Build_Unity=0",
				);
				GCC_SYMBOLS_PRIVATE_EXTERN = YES;
				GCC_VERSION = com.apple.compilers.llvm.clang.1_0;
				GENERATE_PKGINFO_FILE = YES;
				HEADER_SEARCH_PATHS = (
					"../../../Downloads/JUCE/modules/juce_audio_processors/format_types/VST3_SDK",
					"../../JuceLibraryCode",
					"../../../Downloads/JUCE/modules",
					"../../../Downloads/JUCE/modules/juce_audio_plugin_client",
					"$(inherited)",
				);
				INFOPLIST_FILE = Info-VST3.plist;
				INFOPLIST_PREPROCESS = NO;
				INSTALL_PATH = "$(HOME)/Library/Audio/Plug-Ins/VST3/";
				LIBRARY_STYLE = Bundle;
				LLVM_LTO = YES;
				MACOSX_DEPLOYMENT_TARGET = 10.11;
				OTHER_LDFLAGS = "-bundle -lEasyChord";
				PRODUCT_BUNDLE_IDENTIFIER = com.yourcompany.EasyChord;
				PRODUCT_NAME = "EasyChord";
				USE_HEADERMAP = NO;
				WRAPPER_EXTENSION = vst3;
			};
			name = Release;
		};
		2B0A5DCCE9C8CFF6F4DB7C25 = {
			isa = XCBuildConfiguration;
			buildSettings = {
				CLANG_CXX_LANGUAGE_STANDARD = "c++14";
				CLANG_CXX_LIBRARY = "libc++";
				CLANG_LINK_OBJC_RUNTIME = NO;
				COMBINE_HIDPI_IMAGES = YES;
				CONFIGURATION_BUILD_DIR = "$(PROJECT_DIR)/build/$(CONFIGURATION)";
				COPY_PHASE_STRIP = NO;
				DEPLOYMENT_LOCATION = YES;
				DSTROOT = /;
				GCC_DYNAMIC_NO_PIC = NO;
				GCC_OPTIMIZATION_LEVEL = 0;
				GCC_PREPROCESSOR_DEFINITIONS = (
					"_DEBUG=1",
					"DEBUG=1",
					"JUCER_XCODE_MAC_F6D2F4CF=1",
					"JUCE_APP_VERSION=1.0.0",
					"JUCE_APP_VERSION_HEX=0x10000",
					"JucePlugin_Build_VST=0",
					"JucePlugin_Build_VST3=0",
					"JucePlugin_Build_AU=1",
					"JucePlugin_Build_AUv3=0",
					"JucePlugin_Build_RTAS=0",
					"JucePlugin_Build_AAX=0",
					"JucePlugin_Build_Standalone=0",
					"JucePlugin_Build_Unity=0",
				);
				GCC_VERSION = com.apple.compilers.llvm.clang.1_0;
				GENERATE_PKGINFO_FILE = YES;
				HEADER_SEARCH_PATHS = (
					"../../../Downloads/JUCE/modules/juce_audio_processors/format_types/VST3_SDK",
					"../../JuceLibraryCode",
					"../../../Downloads/JUCE/modules",
					"../../../Downloads/JUCE/modules/juce_audio_plugin_client",
					"$(inherited)",
				);
				INFOPLIST_FILE = Info-AU.plist;
				INFOPLIST_PREPROCESS = NO;
				INSTALL_PATH = "$(HOME)/Library/Audio/Plug-Ins/Components/";
				LIBRARY_STYLE = Bundle;
				MACOSX_DEPLOYMENT_TARGET = 10.11;
				OTHER_LDFLAGS = "-bundle -lEasyChord";
				OTHER_REZFLAGS = "-d ppc_$ppc -d i386_$i386 -d ppc64_$ppc64 -d x86_64_$x86_64 -I /System/Library/Frameworks/CoreServices.framework/Frameworks/CarbonCore.framework/Versions/A/Headers -I \"$(DEVELOPER_DIR)/Extras/CoreAudio/AudioUnits/AUPublic/AUBase\" -I \"$(DEVELOPER_DIR)/Platforms/MacOSX.platform/Developer/SDKs/MacOSX.sdk/System/Library/Frameworks/AudioUnit.framework/Headers\"";
				PRODUCT_BUNDLE_IDENTIFIER = com.yourcompany.EasyChord;
				PRODUCT_NAME = "EasyChord";
				USE_HEADERMAP = NO;
				WRAPPER_EXTENSION = component;
			};
			name = Debug;
		};
		92E8050F00C112C92FF92293 = {
			isa = XCBuildConfiguration;
			buildSettings = {
				CLANG_CXX_LANGUAGE_STANDARD = "c++14";
				CLANG_CXX_LIBRARY = "libc++";
				CLANG_LINK_OBJC_RUNTIME = NO;
				COMBINE_HIDPI_IMAGES = YES;
				CONFIGURATION_BUILD_DIR = "$(PROJECT_DIR)/build/$(CONFIGURATION)";
				DEAD_CODE_STRIPPING = YES;
				DEPLOYMENT_LOCATION = YES;
				DSTROOT = /;
				GCC_GENERATE_DEBUGGING_SYMBOLS = NO;
				GCC_OPTIMIZATION_LEVEL = 3;
				GCC_PREPROCESSOR_DEFINITIONS = (
					"_NDEBUG=1",
					"NDEBUG=1",
					"JUCER_XCODE_MAC_F6D2F4CF=1",
					"JUCE_APP_VERSION=1.0.0",
					"JUCE_APP_VERSION_HEX=0x10000",
					"JucePlugin_Build_VST=0",
					"JucePlugin_Build_VST3=0",
					"JucePlugin_Build_AU=1",
					"JucePlugin_Build_AUv3=0",
					"JucePlugin_Build_RTAS=0",
					"JucePlugin_Build_AAX=0",
					"JucePlugin_Build_Standalone=0",
					"JucePlugin_Build_Unity=0",
				);
				GCC_SYMBOLS_PRIVATE_EXTERN = YES;
				GCC_VERSION = com.apple.compilers.llvm.clang.1_0;
				GENERATE_PKGINFO_FILE = YES;
				HEADER_SEARCH_PATHS = (
					"../../../Downloads/JUCE/modules/juce_audio_processors/format_types/VST3_SDK",
					"../../JuceLibraryCode",
					"../../../Downloads/JUCE/modules",
					"../../../Downloads/JUCE/modules/juce_audio_plugin_client",
					"$(inherited)",
				);
				INFOPLIST_FILE = Info-AU.plist;
				INFOPLIST_PREPROCESS = NO;
				INSTALL_PATH = "$(HOME)/Library/Audio/Plug-Ins/Components/";
				LIBRARY_STYLE = Bundle;
				LLVM_LTO = YES;
				MACOSX_DEPLOYMENT_TARGET = 10.11;
				OTHER_LDFLAGS = "-bundle -lEasyChord";
				OTHER_REZFLAGS = "-d ppc_$ppc -d i386_$i386 -d ppc64_$ppc64 -d x86_64_$x86_64 -I /System/Library/Frameworks/CoreServices.framework/Frameworks/CarbonCore.framework/Versions/A/Headers -I \"$(DEVELOPER_DIR)/Extras/CoreAudio/AudioUnits/AUPublic/AUBase\" -I \"$(DEVELOPER_DIR)/Platforms/MacOSX.platform/Developer/SDKs/MacOSX.sdk/System/Library/Frameworks/AudioUnit.framework/Headers\"";
				PRODUCT_BUNDLE_IDENTIFIER = com.yourcompany.EasyChord;
				PRODUCT_NAME = "EasyChord";
				USE_HEADERMAP = NO;
				WRAPPER_EXTENSION = component;
			};
			name = Release;
		};
		65299B7B484AEDE487145B83 = {
			isa = XCBuildConfiguration;
			buildSettings = {
				CLANG_CXX_LANGUAGE_STANDARD = "c++14";
				CLANG_CXX_LIBRARY = "libc++";
				CLANG_LINK_OBJC_RUNTIME = NO;
				COMBINE_HIDPI_IMAGES = YES;
				CONFIGURATION_BUILD_DIR = "$(PROJECT_DIR)/build/$(CONFIGURATION)";
				COPY_PHASE_STRIP = NO;
				GCC_DYNAMIC_NO_PIC = NO;
				GCC_OPTIMIZATION_LEVEL = 0;
				GCC_PREPROCESSOR_DEFINITIONS = (
					"_DEBUG=1",
					"DEBUG=1",
					"JUCER_XCODE_MAC_F6D2F4CF=1",
					"JUCE_APP_VERSION=1.0.0",
					"JUCE_APP_VERSION_HEX=0x10000",
					"JucePlugin_Build_VST=0",
					"JucePlugin_Build_VST3=0",
					"JucePlugin_Build_AU=0",
					"JucePlugin_Build_AUv3=0",
					"JucePlugin_Build_RTAS=0",
					"JucePlugin_Build_AAX=0",
					"JucePlugin_Build_Standalone=1",
					"JucePlugin_Build_Unity=0",
				);
				GCC_VERSION = com.apple.compilers.llvm.clang.1_0;
				HEADER_SEARCH_PATHS = (
					"../../../Downloads/JUCE/modules/juce_audio_processors/format_types/VST3_SDK",
					"../../JuceLibraryCode",
					"../../../Downloads/JUCE/modules",
					"../../../Downloads/JUCE/modules/juce_audio_plugin_client",
					"$(inherited)",
				);
				INFOPLIST_FILE = Info-Standalone_Plugin.plist;
				INFOPLIST_PREPROCESS = NO;
				MACOSX_DEPLOYMENT_TARGET = 10.11;
				OTHER_LDFLAGS = "-lEasyChord";
				PRODUCT_BUNDLE_IDENTIFIER = com.yourcompany.EasyChord;
				PRODUCT_NAME = "EasyChord";
				USE_HEADERMAP = NO;
			};
			name = Debug;
		};
		B33ECAE4291BA6613BFFA79B = {
			isa = XCBuildConfiguration;
			buildSettings = {
				CLANG_CXX_LANGUAGE_STANDARD = "c++14";
				CLANG_CXX_LIBRARY = "libc++";
				CLANG_LINK_OBJC_RUNTIME = NO;
				COMBINE_HIDPI_IMAGES = YES;
				CONFIGURATION_BUILD_DIR = "$(PROJECT_DIR)/build/$(CONFIGURATION)";
				DEAD_CODE_STRIPPING = YES;
				GCC_GENERATE_DEBUGGING_SYMBOLS = NO;
				GCC_OPTIMIZATION_LEVEL = 3;
				GCC_PREPROCESSOR_DEFINITIONS = (
					"_NDEBUG=1",
					"NDEBUG=1",
					"JUCER_XCODE_MAC_F6D2F4CF=1",
					"JUCE_APP_VERSION=1.0.0",
					"JUCE_APP_VERSION_HEX=0x10000",
					"JucePlugin_Build_VST=0",
					"JucePlugin_Build_VST3=0",
					"JucePlugin_Build_AU=0",
					"JucePlugin_Build_AUv3=0",
					"JucePlugin_Build_RTAS=0",
					"JucePlugin_Build_AAX=0",
					"JucePlugin_Build_Standalone=1",
					"JucePlugin_Build_Unity=0",
				);
				GCC_SYMBOLS_PRIVATE_EXTERN = YES;
				GCC_VERSION = com.apple.compilers.llvm.clang.1_0;
				HEADER_SEARCH_PATHS = (
					"../../../Downloads/JUCE/modules/juce_audio_processors/format_types/VST3_SDK",
					"../../JuceLibraryCode",
					"../../../Downloads/JUCE/modules",
					"../../../Downloads/JUCE/modules/juce_audio_plugin_client",
					"$(inherited)",
				);
				INFOPLIST_FILE = Info-Standalone_Plugin.plist;
				INFOPLIST_PREPROCESS = NO;
				LLVM_LTO = YES;
				MACOSX_DEPLOYMENT_TARGET = 10.11;
				OTHER_LDFLAGS = "-lEasyChord";
				PRODUCT_BUNDLE_IDENTIFIER = com.yourcompany.EasyChord;
				PRODUCT_NAME = "EasyChord";
				USE_HEADERMAP = NO;
			};
			name = Release;
		};
		AC45075054EEEC0C9304257E = {
			isa = XCBuildConfiguration;
			buildSettings = {
				CLANG_CXX_LANGUAGE_STANDARD = "c++14";
				CLANG_CXX_LIBRARY = "libc++";
				CLANG_LINK_OBJC_RUNTIME = NO;
				COMBINE_HIDPI_IMAGES = YES;
				CONFIGURATION_BUILD_DIR = "$(PROJECT_DIR)/build/$(CONFIGURATION)";
				COPY_PHASE_STRIP = NO;
				GCC_DYNAMIC_NO_PIC = NO;
				GCC_OPTIMIZATION_LEVEL = 0;
				GCC_PREPROCESSOR_DEFINITIONS = (
					"_DEBUG=1",
					"DEBUG=1",
					"JUCER_XCODE_MAC_F6D2F4CF=1",
					"JUCE_APP_VERSION=1.0.0",
					"JUCE_APP_VERSION_HEX=0x10000",
					"JucePlugin_Build_VST=0",
					"JucePlugin_Build_VST3=1",
					"JucePlugin_Build_AU=1",
					"JucePlugin_Build_AUv3=0",
					"JucePlugin_Build_RTAS=0",
					"JucePlugin_Build_AAX=0",
					"JucePlugin_Build_Standalone=1",
					"JucePlugin_Build_Unity=0",
					"JUCE_SHARED_CODE=1",
				);
				GCC_VERSION = com.apple.compilers.llvm.clang.1_0;
				HEADER_SEARCH_PATHS = (
					"../../../Downloads/JUCE/modules/juce_audio_processors/format_types/VST3_SDK",
					"../../JuceLibraryCode",
					"../../../Downloads/JUCE/modules",
					"../../../Downloads/JUCE/modules/juce_audio_plugin_client",
					"$(inherited)",
				);
				INSTALL_PATH = "@executable_path/../Frameworks";
				MACOSX_DEPLOYMENT_TARGET = 10.11;
				PRODUCT_BUNDLE_IDENTIFIER = com.yourcompany.EasyChord;
				PRODUCT_NAME = "EasyChord";
				SKIP_INSTALL = YES;
				USE_HEADERMAP = NO;
			};
			name = Debug;
		};
		6E76BBE9D79CEB6BF8CAE2FF = {
			isa = XCBuildConfiguration;
			buildSettings = {
				CLANG_CXX_LANGUAGE_STANDARD = "c++14";
				CLANG_CXX_LIBRARY = "libc++";
				CLANG_LINK_OBJC_RUNTIME = NO;
				COMBINE_HIDPI_IMAGES = YES;
				CONFIGURATION_BUILD_DIR = "$(PROJECT_DIR)/build/$(CONFIGURATION)";
				DEAD_CODE_STRIPPING = YES;
				GCC_GENERATE_DEBUGGING_SYMBOLS = NO;
				GCC_OPTIMIZATION_LEVEL = 3;
				GCC_PREPROCESSOR_DEFINITIONS = (
					"_NDEBUG=1",
					"NDEBUG=1",
					"JUCER_XCODE_MAC_F6D2F4CF=1",
					"JUCE_APP_VERSION=1.0.0",
					"JUCE_APP_VERSION_HEX=0x10000",
					"JucePlugin_Build_VST=0",
					"JucePlugin_Build_VST3=1",
					"JucePlugin_Build_AU=1",
					"JucePlugin_Build_AUv3=0",
					"JucePlugin_Build_RTAS=0",
					"JucePlugin_Build_AAX=0",
					"JucePlugin_Build_Standalone=1",
					"JucePlugin_Build_Unity=0",
					"JUCE_SHARED_CODE=1",
				);
				GCC_SYMBOLS_PRIVATE_EXTERN = YES;
				GCC_VERSION = com.apple.compilers.llvm.clang.1_0;
				HEADER_SEARCH_PATHS = (
					"../../../Downloads/JUCE/modules/juce_audio_processors/format_types/VST3_SDK",
					"../../JuceLibraryCode",
					"../../../Downloads/JUCE/modules",
					"../../../Downloads/JUCE/modules/juce_audio_plugin_client",
					"$(inherited)",
				);
				INSTALL_PATH = "@executable_path/../Frameworks";
				LLVM_LTO = YES;
				MACOSX_DEPLOYMENT_TARGET = 10.11;
				PRODUCT_BUNDLE_IDENTIFIER = com.yourcompany.EasyChord;
				PRODUCT_NAME = "EasyChord";
				SKIP_INSTALL = YES;
				USE_HEADERMAP = NO;
			};
			name = Release;
		};
		87F50AFDCBE85BA970444A0A = {
			isa = XCBuildConfiguration;
			buildSettings = {
				ALWAYS_SEARCH_USER_PATHS = NO;
				CLANG_ENABLE_OBJC_WEAK = YES;
				CLANG_WARN_BLOCK_CAPTURE_AUTORELEASING = YES;
				CLANG_WARN_BOOL_CONVERSION = YES;
				CLANG_WARN_COMMA = YES;
				CLANG_WARN_CONSTANT_CONVERSION = YES;
				CLANG_WARN_DEPRECATED_OBJC_IMPLEMENTATIONS = YES;
				CLANG_WARN_EMPTY_BODY = YES;
				CLANG_WARN_ENUM_CONVERSION = YES;
				CLANG_WARN_INFINITE_RECURSION = YES;
				CLANG_WARN_INT_CONVERSION = YES;
				CLANG_WARN_NON_LITERAL_NULL_CONVERSION = YES;
				CLANG_WARN_OBJC_IMPLICIT_RETAIN_SELF = YES;
				CLANG_WARN_OBJC_LITERAL_CONVERSION = YES;
				CLANG_WARN_RANGE_LOOP_ANALYSIS = YES;
				CLANG_WARN_STRICT_PROTOTYPES = YES;
				CLANG_WARN_SUSPICIOUS_MOVE = YES;
				CLANG_WARN_UNREACHABLE_CODE = YES;
				CLANG_WARN__DUPLICATE_METHOD_MATCH = YES;
				DEBUG_INFORMATION_FORMAT = dwarf;
				ENABLE_STRICT_OBJC_MSGSEND = YES;
				ENABLE_TESTABILITY = YES;
				GCC_C_LANGUAGE_STANDARD = c11;
				GCC_INLINES_ARE_PRIVATE_EXTERN = YES;
				GCC_MODEL_TUNING = G5;
				GCC_NO_COMMON_BLOCKS = YES;
				GCC_WARN_64_TO_32_BIT_CONVERSION = YES;
				GCC_WARN_ABOUT_RETURN_TYPE = YES;
				GCC_WARN_CHECK_SWITCH_STATEMENTS = YES;
				GCC_WARN_MISSING_PARENTHESES = YES;
				GCC_WARN_NON_VIRTUAL_DESTRUCTOR = YES;
				GCC_WARN_TYPECHECK_CALLS_TO_PRINTF = YES;
				GCC_WARN_UNDECLARED_SELECTOR = YES;
				GCC_WARN_UNINITIALIZED_AUTOS = YES;
				GCC_WARN_UNUSED_FUNCTION = YES;
				GCC_WARN_UNUSED_VARIABLE = YES;
				ONLY_ACTIVE_ARCH = YES;
				PRODUCT_NAME = "EasyChord";
				WARNING_CFLAGS = "-Wreorder";
				ZERO_LINK = NO;
			};
			name = Debug;
		};
		6D13162928D1CFEF0F43D04A = {
			isa = XCBuildConfiguration;
			buildSettings = {
				ALWAYS_SEARCH_USER_PATHS = NO;
				CLANG_ENABLE_OBJC_WEAK = YES;
				CLANG_WARN_BLOCK_CAPTURE_AUTORELEASING = YES;
				CLANG_WARN_BOOL_CONVERSION = YES;
				CLANG_WARN_COMMA = YES;
				CLANG_WARN_CONSTANT_CONVERSION = YES;
				CLANG_WARN_DEPRECATED_OBJC_IMPLEMENTATIONS = YES;
				CLANG_WARN_EMPTY_BODY = YES;
				CLANG_WARN_ENUM_CONVERSION = YES;
				CLANG_WARN_INFINITE_RECURSION = YES;
				CLANG_WARN_INT_CONVERSION = YES;
				CLANG_WARN_NON_LITERAL_NULL_CONVERSION = YES;
				CLANG_WARN_OBJC_IMPLICIT_RETAIN_SELF = YES;
				CLANG_WARN_OBJC_LITERAL_CONVERSION = YES;
				CLANG_WARN_RANGE_LOOP_ANALYSIS = YES;
				CLANG_WARN_STRICT_PROTOTYPES = YES;
				CLANG_WARN_SUSPICIOUS_MOVE = YES;
				CLANG_WARN_UNREACHABLE_CODE = YES;
				CLANG_WARN__DUPLICATE_METHOD_MATCH = YES;
				DEBUG_INFORMATION_FORMAT = dwarf;
				ENABLE_STRICT_OBJC_MSGSEND = YES;
				GCC_C_LANGUAGE_STANDARD = c11;
				GCC_INLINES_ARE_PRIVATE_EXTERN = YES;
				GCC_MODEL_TUNING = G5;
				GCC_NO_COMMON_BLOCKS = YES;
				GCC_WARN_64_TO_32_BIT_CONVERSION = YES;
				GCC_WARN_ABOUT_RETURN_TYPE = YES;
				GCC_WARN_CHECK_SWITCH_STATEMENTS = YES;
				GCC_WARN_MISSING_PARENTHESES = YES;
				GCC_WARN_NON_VIRTUAL_DESTRUCTOR = YES;
				GCC_WARN_TYPECHECK_CALLS_TO_PRINTF = YES;
				GCC_WARN_UNDECLARED_SELECTOR = YES;
				GCC_WARN_UNINITIALIZED_AUTOS = YES;
				GCC_WARN_UNUSED_FUNCTION = YES;
				GCC_WARN_UNUSED_VARIABLE = YES;
				PRODUCT_NAME = "EasyChord";
				WARNING_CFLAGS = "-Wreorder";
				ZERO_LINK = NO;
			};
			name = Release;
		};
		B1DD2E862AE2574DDAC4259A = {
			isa = PBXTargetDependency;
			target = 3BAC94687E37CFD5FF724EAA;
		};
		2E4978870F608A05DF413C97 = {
			isa = PBXTargetDependency;
			target = 8C6F1A0FE35183CE3B6A3D5C;
		};
		2A35D9E7E06A9E885CC03821 = {
			isa = PBXTargetDependency;
			target = EE14AA1AA33F9A74FB0DEB26;
		};
		B52225C90BB0186D85F83042 = {
			isa = PBXTargetDependency;
			target = 47C88D75D1A177DEF5558A48;
		};
		BFB7E662E4CEE340E527ED96 = {
			isa = XCConfigurationList;
			buildConfigurations = (
				87F50AFDCBE85BA970444A0A,
				6D13162928D1CFEF0F43D04A,
			);
			defaultConfigurationIsVisible = 0;
			defaultConfigurationName = Debug;
		};
		5FBCEDC00629BD026C63F2E5 = {
			isa = XCConfigurationList;
			buildConfigurations = (
				A3021E23030E7DFF44492A80,
				BE73A8420E93647ED6012D87,
			);
			defaultConfigurationIsVisible = 0;
			defaultConfigurationName = Debug;
		};
		F21BFE1F8E6E6E4DEECFB92E = {
			isa = PBXAggregateTarget;
			buildConfigurationList = 5FBCEDC00629BD026C63F2E5;
			buildPhases = ( );
			buildRules = ( );
			dependencies = (
				B1DD2E862AE2574DDAC4259A,
				2E4978870F608A05DF413C97,
				2A35D9E7E06A9E885CC03821,
				B52225C90BB0186D85F83042,
			);
			name = "EasyChord - All";
			productName = EasyChord;
		};
		968F2FC13B6B4E3CCB0965E6 = {
			isa = XCConfigurationList;
			buildConfigurations = (
				432257E134A93D68B2E3C371,
				89B37AB663D19B8AA2649938,
			);
			defaultConfigurationIsVisible = 0;
			defaultConfigurationName = Debug;
		};
		E800609BD6FD3B1E79C99C72 = {
			isa = PBXResourcesBuildPhase;
			buildActionMask = 2147483647;
			files = (
				E92340407BE4B26D64C5B23B,
			);
			runOnlyForDeploymentPostprocessing = 0;
		};
		FE632D90B6350C95FBCB7DD5 = {
			isa = PBXSourcesBuildPhase;
			buildActionMask = 2147483647;
			files = (
				D76A6713FF38ED8FFEA44848,
			);
			runOnlyForDeploymentPostprocessing = 0;
		};
		ACFCE5174EC1ED7A30C7F552 = {
			isa = PBXFrameworksBuildPhase;
			buildActionMask = 2147483647;
			files = (
				FDFD77FECA9EE9091EB65682,
				C0D7161EC34EF188AC50CC39,
				FC13E5162DB6760C0270B649,
				625820FB1386004A13E086FF,
				FEAA35F00D34F6B679D1F898,
				A8E675124C3F058AD7A5825B,
				D657CC273CA47E74D1915999,
				6F6E540192A798809D590A4C,
				5B679575CC9927A7D43FD569,
				D176917EEAC2DF3893C91F50,
				0CD6F67C7AF6F538773B3287,
				11B4F86CC0A9ED9F45542857,
			);
			runOnlyForDeploymentPostprocessing = 0;
		};
		3BAC94687E37CFD5FF724EAA = {
			isa = PBXNativeTarget;
			buildConfigurationList = 968F2FC13B6B4E3CCB0965E6;
			buildPhases = (
				E800609BD6FD3B1E79C99C72,
				FE632D90B6350C95FBCB7DD5,
				ACFCE5174EC1ED7A30C7F552,
			);
			buildRules = ( );
			dependencies = (
				B52225C90BB0186D85F83042,
			);
			name = "EasyChord - VST3";
			productName = EasyChord;
			productReference = 8E0AD527A78A7DDD79C3808F;
			productType = "com.apple.product-type.bundle";
		};
		93DF10D6A89269F2C203AED5 = {
			isa = XCConfigurationList;
			buildConfigurations = (
				2B0A5DCCE9C8CFF6F4DB7C25,
				92E8050F00C112C92FF92293,
			);
			defaultConfigurationIsVisible = 0;
			defaultConfigurationName = Debug;
		};
		05DEE2B278395846F7F62ED4 = {
			isa = PBXResourcesBuildPhase;
			buildActionMask = 2147483647;
			files = (
				E92340407BE4B26D64C5B23B,
			);
			runOnlyForDeploymentPostprocessing = 0;
		};
		F019173B6A5CCB97556E802D = {
			isa = PBXRezBuildPhase;
			buildActionMask = 2147483647;
			files = (
				C8B906EB237EE99C0A79FFF0,
			);
			runOnlyForDeploymentPostprocessing = 0;
		};
		97C0F7A2A4CA7783F0B5930E = {
			isa = PBXSourcesBuildPhase;
			buildActionMask = 2147483647;
			files = (
				1BECD3320215EAC579E1E356,
				2B7269D0CBDC686C55D4E232,
			);
			runOnlyForDeploymentPostprocessing = 0;
		};
		9A16BDCB3D8198AAE58F361A = {
			isa = PBXFrameworksBuildPhase;
			buildActionMask = 2147483647;
			files = (
				FDFD77FECA9EE9091EB65682,
				C0D7161EC34EF188AC50CC39,
				FDF2037A53D5D5F597C3D610,
				FC13E5162DB6760C0270B649,
				625820FB1386004A13E086FF,
				FEAA35F00D34F6B679D1F898,
				A8E675124C3F058AD7A5825B,
				D657CC273CA47E74D1915999,
				6F6E540192A798809D590A4C,
				5B679575CC9927A7D43FD569,
				D176917EEAC2DF3893C91F50,
				0CD6F67C7AF6F538773B3287,
				11B4F86CC0A9ED9F45542857,
			);
			runOnlyForDeploymentPostprocessing = 0;
		};
		8C6F1A0FE35183CE3B6A3D5C = {
			isa = PBXNativeTarget;
			buildConfigurationList = 93DF10D6A89269F2C203AED5;
			buildPhases = (
				05DEE2B278395846F7F62ED4,
				F019173B6A5CCB97556E802D,
				97C0F7A2A4CA7783F0B5930E,
				9A16BDCB3D8198AAE58F361A,
			);
			buildRules = ( );
			dependencies = (
				B52225C90BB0186D85F83042,
			);
			name = "EasyChord - AU";
			productName = EasyChord;
			productReference = 274517B10EAD89A13448621D;
			productType = "com.apple.product-type.bundle";
		};
		9C155BC61E66997F5F2AD78A = {
			isa = XCConfigurationList;
			buildConfigurations = (
				65299B7B484AEDE487145B83,
				B33ECAE4291BA6613BFFA79B,
			);
			defaultConfigurationIsVisible = 0;
			defaultConfigurationName = Debug;
		};
		F0B9CC6BFBACA5DE6F911386 = {
			isa = PBXResourcesBuildPhase;
			buildActionMask = 2147483647;
			files = (
				E92340407BE4B26D64C5B23B,
			);
			runOnlyForDeploymentPostprocessing = 0;
		};
		27E178008BC5DEDCA42625A9 = {
			isa = PBXSourcesBuildPhase;
			buildActionMask = 2147483647;
			files = (
				9024C1211CCB092D94DF5B6E,
			);
			runOnlyForDeploymentPostprocessing = 0;
		};
		A4FC2F2746E5EB4AC8426273 = {
			isa = PBXFrameworksBuildPhase;
			buildActionMask = 2147483647;
			files = (
				FDFD77FECA9EE9091EB65682,
				C0D7161EC34EF188AC50CC39,
				FC13E5162DB6760C0270B649,
				625820FB1386004A13E086FF,
				FEAA35F00D34F6B679D1F898,
				A8E675124C3F058AD7A5825B,
				D657CC273CA47E74D1915999,
				6F6E540192A798809D590A4C,
				5B679575CC9927A7D43FD569,
				D176917EEAC2DF3893C91F50,
				0CD6F67C7AF6F538773B3287,
				11B4F86CC0A9ED9F45542857,
			);
			runOnlyForDeploymentPostprocessing = 0;
		};
		EE14AA1AA33F9A74FB0DEB26 = {
			isa = PBXNativeTarget;
			buildConfigurationList = 9C155BC61E66997F5F2AD78A;
			buildPhases = (
				F0B9CC6BFBACA5DE6F911386,
				27E178008BC5DEDCA42625A9,
				A4FC2F2746E5EB4AC8426273,
			);
			buildRules = ( );
			dependencies = (
				B52225C90BB0186D85F83042,
			);
			name = "EasyChord - Standalone Plugin";
			productName = EasyChord;
			productReference = 72AD1472AEF076911E444195;
			productType = "com.apple.product-type.application";
		};
		42910B085D2868C67ED1A00B = {
			isa = XCConfigurationList;
			buildConfigurations = (
				AC45075054EEEC0C9304257E,
				6E76BBE9D79CEB6BF8CAE2FF,
			);
			defaultConfigurationIsVisible = 0;
			defaultConfigurationName = Debug;
		};
		916FBF0685AC5839667633B0 = {
			isa = PBXSourcesBuildPhase;
			buildActionMask = 2147483647;
			files = (
				0618597AE1CE64A5028D65A4,
				880FDD351C64AC909B3F112E,
				C7DB8E0467C18489E0A6297E,
				9BB3E591B1DF5222C56C689E,
				9C929F2DEB9FCC918171ABB8,
				60C91644333BB5576293EE03,
				F1947BA1D3DE42A7C8621322,
				A9B7FCB51F6D84A79AFBD0D5,
				8318306F799D0F7939169FA5,
				E87DC410C2B2E18F0A4E8B4F,
				62C61C089B7762008EF700DA,
				8C5781B5E21C58C21B903B11,
				3A06CEE28CB0EE5BCC223FFE,
				3DE07D4640CF945F54A3F661,
				6CB3B2D481CF35BFACCBC222,
				F89BEC1873EA9B47AB97AE47,
				A9EE356BC268EEA9F3608232,
			);
			runOnlyForDeploymentPostprocessing = 0;
		};
		47C88D75D1A177DEF5558A48 = {
			isa = PBXNativeTarget;
			buildConfigurationList = 42910B085D2868C67ED1A00B;
			buildPhases = (
				916FBF0685AC5839667633B0,
			);
			buildRules = ( );
			dependencies = ( );
			name = "EasyChord - Shared Code";
			productName = EasyChord;
			productReference = D9592CFFD9C872920DA6CAE9;
			productType = "com.apple.product-type.library.static";
		};
		F5D8736BFE9F1DC10274D583 = {
			isa = PBXProject;
			buildConfigurationList = BFB7E662E4CEE340E527ED96;
			attributes = { LastUpgradeCheck = 1100; ORGANIZATIONNAME = ""; TargetAttributes = { F21BFE1F8E6E6E4DEECFB92E = { SystemCapabilities = {com.apple.ApplicationGroups.iOS = { enabled = 0; }; com.apple.InAppPurchase = { enabled = 0; }; com.apple.InterAppAudio = { enabled = 0; }; com.apple.Push = { enabled = 0; }; com.apple.Sandbox = { enabled = 0; }; com.apple.HardenedRuntime = { enabled = 0; }; }; };3BAC94687E37CFD5FF724EAA = { SystemCapabilities = {com.apple.ApplicationGroups.iOS = { enabled = 0; }; com.apple.InAppPurchase = { enabled = 0; }; com.apple.InterAppAudio = { enabled = 0; }; com.apple.Push = { enabled = 0; }; com.apple.Sandbox = { enabled = 0; }; com.apple.HardenedRuntime = { enabled = 0; }; }; };8C6F1A0FE35183CE3B6A3D5C = { SystemCapabilities = {com.apple.ApplicationGroups.iOS = { enabled = 0; }; com.apple.InAppPurchase = { enabled = 0; }; com.apple.InterAppAudio = { enabled = 0; }; com.apple.Push = { enabled = 0; }; com.apple.Sandbox = { enabled = 0; }; com.apple.HardenedRuntime = { enabled = 0; }; }; };EE14AA1AA33F9A74FB0DEB26 = { SystemCapabilities = {com.apple.ApplicationGroups.iOS = { enabled = 0; }; com.apple.InAppPurchase = { enabled = 0; }; com.apple.InterAppAudio = { enabled = 0; }; com.apple.Push = { enabled = 0; }; com.apple.Sandbox = { enabled = 0; }; com.apple.HardenedRuntime = { enabled = 0; }; }; };47C88D75D1A177DEF5558A48 = { SystemCapabilities = {com.apple.ApplicationGroups.iOS = { enabled = 0; }; com.apple.InAppPurchase = { enabled = 0; }; com.apple.InterAppAudio = { enabled = 0; }; com.apple.Push = { enabled = 0; }; com.apple.Sandbox = { enabled = 0; }; com.apple.HardenedRuntime = { enabled = 0; }; }; }; }; };
			compatibilityVersion = "Xcode 3.2";
			hasScannedForEncodings = 0;
			mainGroup = 2DD98167D022DEA6F5B948C4;
			projectDirPath = "";
			projectRoot = "";
			targets = (F21BFE1F8E6E6E4DEECFB92E, 3BAC94687E37CFD5FF724EAA, 8C6F1A0FE35183CE3B6A3D5C, EE14AA1AA33F9A74FB0DEB26, 47C88D75D1A177DEF5558A48);
			knownRegions = (en, Base);
		};
	};
	rootObject = F5D8736BFE9F1DC10274D583;
}
